// !$*UTF8*$!
{
	archiveVersion = 1;
	classes = {
	};
	objectVersion = 60;
	objects = {

/* Begin PBXBuildFile section */
		A10000010000000000000001 /* OmniApp.swift in Sources */ = {isa = PBXBuildFile; fileRef = A10000110000000000000001 /* OmniApp.swift */; };
		A10000020000000000000001 /* OmniDeviceActivityMonitor.swift in Sources */ = {isa = PBXBuildFile; fileRef = A10000120000000000000001 /* OmniDeviceActivityMonitor.swift */; };
		A10000040000000000000001 /* Assets.xcassets in Resources */ = {isa = PBXBuildFile; fileRef = A10000180000000000000001 /* Assets.xcassets */; };
		A10000050000000000000001 /* Models.swift in Sources */ = {isa = PBXBuildFile; fileRef = A10000190000000000000001 /* Models.swift */; };
		A10000060000000000000001 /* AppSecrets.swift in Sources */ = {isa = PBXBuildFile; fileRef = A100001A0000000000000001 /* AppSecrets.swift */; };
		A10000070000000000000001 /* APIClient.swift in Sources */ = {isa = PBXBuildFile; fileRef = A100001B0000000000000001 /* APIClient.swift */; };
		A10000080000000000000001 /* AuthServices.swift in Sources */ = {isa = PBXBuildFile; fileRef = A100001C0000000000000001 /* AuthServices.swift */; };
		A10000090000000000000001 /* SystemServices.swift in Sources */ = {isa = PBXBuildFile; fileRef = A100001D0000000000000001 /* SystemServices.swift */; };
		A100000A0000000000000001 /* AppState.swift in Sources */ = {isa = PBXBuildFile; fileRef = A100001E0000000000000001 /* AppState.swift */; };
		A100000B0000000000000001 /* AuthAndOnboardingViews.swift in Sources */ = {isa = PBXBuildFile; fileRef = A100001F0000000000000001 /* AuthAndOnboardingViews.swift */; };
		A100000C0000000000000001 /* MainTabViews.swift in Sources */ = {isa = PBXBuildFile; fileRef = A10000200000000000000001 /* MainTabViews.swift */; };
		A100000D0000000000000001 /* SupportExtensions.swift in Sources */ = {isa = PBXBuildFile; fileRef = A10000230000000000000001 /* SupportExtensions.swift */; };
		A100000E0000000000000001 /* AppRootView.swift in Sources */ = {isa = PBXBuildFile; fileRef = A10000240000000000000001 /* AppRootView.swift */; };
		FCE09B902F4AA63D00F8987A /* Secrets.plist in Resources */ = {isa = PBXBuildFile; fileRef = FCE09B8F2F4A9C6C00F8987A /* Secrets.plist */; };
/* End PBXBuildFile section */

/* Begin PBXFileReference section */
		A10000110000000000000001 /* OmniApp.swift */ = {isa = PBXFileReference; lastKnownFileType = sourcecode.swift; path = OmniApp.swift; sourceTree = "<group>"; };
		A10000120000000000000001 /* OmniDeviceActivityMonitor.swift */ = {isa = PBXFileReference; lastKnownFileType = sourcecode.swift; path = OmniDeviceActivityMonitor.swift; sourceTree = "<group>"; };
		A10000130000000000000001 /* Info.plist */ = {isa = PBXFileReference; lastKnownFileType = text.plist.xml; path = Info.plist; sourceTree = "<group>"; };
		A10000140000000000000001 /* Info.plist */ = {isa = PBXFileReference; lastKnownFileType = text.plist.xml; path = Info.plist; sourceTree = "<group>"; };
		A10000150000000000000001 /* Omni.entitlements */ = {isa = PBXFileReference; lastKnownFileType = text.plist.entitlements; path = Omni.entitlements; sourceTree = "<group>"; };
		A10000160000000000000001 /* OmniDeviceActivityMonitor.entitlements */ = {isa = PBXFileReference; lastKnownFileType = text.plist.entitlements; path = OmniDeviceActivityMonitor.entitlements; sourceTree = "<group>"; };
		A10000170000000000000001 /* Secrets.example.plist */ = {isa = PBXFileReference; lastKnownFileType = text.plist.xml; path = Secrets.example.plist; sourceTree = "<group>"; };
		A10000180000000000000001 /* Assets.xcassets */ = {isa = PBXFileReference; lastKnownFileType = folder.assetcatalog; path = Assets.xcassets; sourceTree = "<group>"; };
		A10000190000000000000001 /* Models.swift */ = {isa = PBXFileReference; lastKnownFileType = sourcecode.swift; path = Models.swift; sourceTree = "<group>"; };
		A100001A0000000000000001 /* AppSecrets.swift */ = {isa = PBXFileReference; lastKnownFileType = sourcecode.swift; path = AppSecrets.swift; sourceTree = "<group>"; };
		A100001B0000000000000001 /* APIClient.swift */ = {isa = PBXFileReference; lastKnownFileType = sourcecode.swift; path = APIClient.swift; sourceTree = "<group>"; };
		A100001C0000000000000001 /* AuthServices.swift */ = {isa = PBXFileReference; lastKnownFileType = sourcecode.swift; path = AuthServices.swift; sourceTree = "<group>"; };
		A100001D0000000000000001 /* SystemServices.swift */ = {isa = PBXFileReference; lastKnownFileType = sourcecode.swift; path = SystemServices.swift; sourceTree = "<group>"; };
		A100001E0000000000000001 /* AppState.swift */ = {isa = PBXFileReference; lastKnownFileType = sourcecode.swift; path = AppState.swift; sourceTree = "<group>"; };
		A100001F0000000000000001 /* AuthAndOnboardingViews.swift */ = {isa = PBXFileReference; lastKnownFileType = sourcecode.swift; path = AuthAndOnboardingViews.swift; sourceTree = "<group>"; };
		A10000200000000000000001 /* MainTabViews.swift */ = {isa = PBXFileReference; lastKnownFileType = sourcecode.swift; path = MainTabViews.swift; sourceTree = "<group>"; };
		A10000210000000000000001 /* Omni.app */ = {isa = PBXFileReference; explicitFileType = wrapper.application; includeInIndex = 0; path = Omni.app; sourceTree = BUILT_PRODUCTS_DIR; };
		A10000220000000000000001 /* OmniDeviceActivityMonitor.appex */ = {isa = PBXFileReference; explicitFileType = "wrapper.app-extension"; includeInIndex = 0; path = OmniDeviceActivityMonitor.appex; sourceTree = BUILT_PRODUCTS_DIR; };
		A10000230000000000000001 /* SupportExtensions.swift */ = {isa = PBXFileReference; lastKnownFileType = sourcecode.swift; path = SupportExtensions.swift; sourceTree = "<group>"; };
		A10000240000000000000001 /* AppRootView.swift */ = {isa = PBXFileReference; lastKnownFileType = sourcecode.swift; path = AppRootView.swift; sourceTree = "<group>"; };
		FCE09B8F2F4A9C6C00F8987A /* Secrets.plist */ = {isa = PBXFileReference; lastKnownFileType = text.plist.xml; path = Secrets.plist; sourceTree = "<group>"; };
/* End PBXFileReference section */

/* Begin PBXFrameworksBuildPhase section */
		A10005000000000000000001 /* Frameworks */ = {
			isa = PBXFrameworksBuildPhase;
			buildActionMask = 2147483647;
			files = (
			);
			runOnlyForDeploymentPostprocessing = 0;
		};
		A10005010000000000000001 /* Frameworks */ = {
			isa = PBXFrameworksBuildPhase;
			buildActionMask = 2147483647;
			files = (
			);
			runOnlyForDeploymentPostprocessing = 0;
		};
/* End PBXFrameworksBuildPhase section */

/* Begin PBXGroup section */
		A10006000000000000000001 = {
			isa = PBXGroup;
			children = (
				A10006010000000000000001 /* Omni */,
				A10006020000000000000001 /* OmniDeviceActivityMonitor */,
				A10006030000000000000001 /* Products */,
			);
			sourceTree = "<group>";
		};
		A10006010000000000000001 /* Omni */ = {
			isa = PBXGroup;
			children = (
				A10006040000000000000001 /* App */,
				A10006060000000000000001 /* Models */,
				A10006070000000000000001 /* Networking */,
				A10006080000000000000001 /* Services */,
				A10006090000000000000001 /* State */,
				A10006100000000000000001 /* Views */,
				A10006110000000000000001 /* Support */,
				A10006050000000000000001 /* Config */,
				A10000180000000000000001 /* Assets.xcassets */,
				A10000130000000000000001 /* Info.plist */,
				A10000150000000000000001 /* Omni.entitlements */,
			);
			path = Omni;
			sourceTree = "<group>";
		};
		A10006020000000000000001 /* OmniDeviceActivityMonitor */ = {
			isa = PBXGroup;
			children = (
				A10000120000000000000001 /* OmniDeviceActivityMonitor.swift */,
				A10000140000000000000001 /* Info.plist */,
				A10000160000000000000001 /* OmniDeviceActivityMonitor.entitlements */,
			);
			path = OmniDeviceActivityMonitor;
			sourceTree = "<group>";
		};
		A10006030000000000000001 /* Products */ = {
			isa = PBXGroup;
			children = (
				A10000210000000000000001 /* Omni.app */,
				A10000220000000000000001 /* OmniDeviceActivityMonitor.appex */,
			);
			name = Products;
			sourceTree = "<group>";
		};
		A10006040000000000000001 /* App */ = {
			isa = PBXGroup;
			children = (
				A10000110000000000000001 /* OmniApp.swift */,
				A10000240000000000000001 /* AppRootView.swift */,
			);
			path = App;
			sourceTree = "<group>";
		};
		A10006050000000000000001 /* Config */ = {
			isa = PBXGroup;
			children = (
				A100001A0000000000000001 /* AppSecrets.swift */,
				A10000170000000000000001 /* Secrets.example.plist */,
				FCE09B8F2F4A9C6C00F8987A /* Secrets.plist */,
			);
			path = Config;
			sourceTree = "<group>";
		};
		A10006060000000000000001 /* Models */ = {
			isa = PBXGroup;
			children = (
				A10000190000000000000001 /* Models.swift */,
			);
			path = Models;
			sourceTree = "<group>";
		};
		A10006070000000000000001 /* Networking */ = {
			isa = PBXGroup;
			children = (
				A100001B0000000000000001 /* APIClient.swift */,
			);
			path = Networking;
			sourceTree = "<group>";
		};
		A10006080000000000000001 /* Services */ = {
			isa = PBXGroup;
			children = (
				A100001C0000000000000001 /* AuthServices.swift */,
				A100001D0000000000000001 /* SystemServices.swift */,
			);
			path = Services;
			sourceTree = "<group>";
		};
		A10006090000000000000001 /* State */ = {
			isa = PBXGroup;
			children = (
				A100001E0000000000000001 /* AppState.swift */,
			);
			path = State;
			sourceTree = "<group>";
		};
		A10006100000000000000001 /* Views */ = {
			isa = PBXGroup;
			children = (
				A100001F0000000000000001 /* AuthAndOnboardingViews.swift */,
				A10000200000000000000001 /* MainTabViews.swift */,
			);
			path = Views;
			sourceTree = "<group>";
		};
		A10006110000000000000001 /* Support */ = {
			isa = PBXGroup;
			children = (
				A10000230000000000000001 /* SupportExtensions.swift */,
			);
			path = Support;
			sourceTree = "<group>";
		};
/* End PBXGroup section */

/* Begin PBXNativeTarget section */
		A10003000000000000000001 /* Omni */ = {
			isa = PBXNativeTarget;
			buildConfigurationList = A10008000000000000000001 /* Build configuration list for PBXNativeTarget "Omni" */;
			buildPhases = (
				A10007000000000000000001 /* Sources */,
				A10005000000000000000001 /* Frameworks */,
				A10007010000000000000001 /* Resources */,
			);
			buildRules = (
			);
			dependencies = (
			);
			name = Omni;
			productName = Omni;
			productReference = A10000210000000000000001 /* Omni.app */;
			productType = "com.apple.product-type.application";
		};
		A10003010000000000000001 /* OmniDeviceActivityMonitor */ = {
			isa = PBXNativeTarget;
			buildConfigurationList = A10008010000000000000001 /* Build configuration list for PBXNativeTarget "OmniDeviceActivityMonitor" */;
			buildPhases = (
				A10007020000000000000001 /* Sources */,
				A10005010000000000000001 /* Frameworks */,
				A10007030000000000000001 /* Resources */,
			);
			buildRules = (
			);
			dependencies = (
			);
			name = OmniDeviceActivityMonitor;
			productName = OmniDeviceActivityMonitor;
			productReference = A10000220000000000000001 /* OmniDeviceActivityMonitor.appex */;
			productType = "com.apple.product-type.app-extension";
		};
/* End PBXNativeTarget section */

/* Begin PBXProject section */
		A10002000000000000000001 /* Project object */ = {
			isa = PBXProject;
			attributes = {
				BuildIndependentTargetsInParallel = 1;
				LastSwiftUpdateCheck = 1600;
				LastUpgradeCheck = 1600;
				TargetAttributes = {
					A10003000000000000000001 = {
						CreatedOnToolsVersion = 16.0;
					};
					A10003010000000000000001 = {
						CreatedOnToolsVersion = 16.0;
					};
				};
			};
			buildConfigurationList = A10008100000000000000001 /* Build configuration list for PBXProject "Omni" */;
			compatibilityVersion = "Xcode 15.0";
			developmentRegion = en;
			hasScannedForEncodings = 0;
			knownRegions = (
				en,
				Base,
			);
			mainGroup = A10006000000000000000001;
			productRefGroup = A10006030000000000000001 /* Products */;
			projectDirPath = "";
			projectRoot = "";
			targets = (
				A10003000000000000000001 /* Omni */,
				A10003010000000000000001 /* OmniDeviceActivityMonitor */,
			);
		};
/* End PBXProject section */

/* Begin PBXResourcesBuildPhase section */
		A10007010000000000000001 /* Resources */ = {
			isa = PBXResourcesBuildPhase;
			buildActionMask = 2147483647;
			files = (
				FCE09B902F4AA63D00F8987A /* Secrets.plist in Resources */,
				A10000040000000000000001 /* Assets.xcassets in Resources */,
			);
			runOnlyForDeploymentPostprocessing = 0;
		};
		A10007030000000000000001 /* Resources */ = {
			isa = PBXResourcesBuildPhase;
			buildActionMask = 2147483647;
			files = (
			);
			runOnlyForDeploymentPostprocessing = 0;
		};
/* End PBXResourcesBuildPhase section */

/* Begin PBXSourcesBuildPhase section */
		A10007000000000000000001 /* Sources */ = {
			isa = PBXSourcesBuildPhase;
			buildActionMask = 2147483647;
			files = (
				A100000E0000000000000001 /* AppRootView.swift in Sources */,
				A100000A0000000000000001 /* AppState.swift in Sources */,
				A100000B0000000000000001 /* AuthAndOnboardingViews.swift in Sources */,
				A10000080000000000000001 /* AuthServices.swift in Sources */,
				A10000060000000000000001 /* AppSecrets.swift in Sources */,
				A100000C0000000000000001 /* MainTabViews.swift in Sources */,
				A10000050000000000000001 /* Models.swift in Sources */,
				A10000010000000000000001 /* OmniApp.swift in Sources */,
				A10000070000000000000001 /* APIClient.swift in Sources */,
				A100000D0000000000000001 /* SupportExtensions.swift in Sources */,
				A10000090000000000000001 /* SystemServices.swift in Sources */,
			);
			runOnlyForDeploymentPostprocessing = 0;
		};
		A10007020000000000000001 /* Sources */ = {
			isa = PBXSourcesBuildPhase;
			buildActionMask = 2147483647;
			files = (
				A10000020000000000000001 /* OmniDeviceActivityMonitor.swift in Sources */,
			);
			runOnlyForDeploymentPostprocessing = 0;
		};
/* End PBXSourcesBuildPhase section */

/* Begin XCBuildConfiguration section */
		A10010000000000000000001 /* Debug */ = {
			isa = XCBuildConfiguration;
			buildSettings = {
				ALWAYS_SEARCH_USER_PATHS = NO;
				CLANG_ENABLE_MODULES = YES;
				CLANG_ENABLE_OBJC_ARC = YES;
				CLANG_WARN_DOCUMENTATION_COMMENTS = YES;
				GCC_NO_COMMON_BLOCKS = YES;
				GCC_OPTIMIZATION_LEVEL = 0;
				IPHONEOS_DEPLOYMENT_TARGET = 16.0;
				ONLY_ACTIVE_ARCH = YES;
				SDKROOT = iphoneos;
				SWIFT_ACTIVE_COMPILATION_CONDITIONS = DEBUG;
				SWIFT_VERSION = 5.0;
			};
			name = Debug;
		};
		A10010010000000000000001 /* Release */ = {
			isa = XCBuildConfiguration;
			buildSettings = {
				ALWAYS_SEARCH_USER_PATHS = NO;
				CLANG_ENABLE_MODULES = YES;
				CLANG_ENABLE_OBJC_ARC = YES;
				CLANG_WARN_DOCUMENTATION_COMMENTS = YES;
				GCC_NO_COMMON_BLOCKS = YES;
				IPHONEOS_DEPLOYMENT_TARGET = 16.0;
				SDKROOT = iphoneos;
				SWIFT_VERSION = 5.0;
			};
			name = Release;
		};
		A10010100000000000000001 /* Debug */ = {
			isa = XCBuildConfiguration;
			buildSettings = {
				ASSETCATALOG_COMPILER_APPICON_NAME = AppIcon;
				ASSETCATALOG_COMPILER_INCLUDE_ALL_APPICON_ASSETS = NO;
				CURRENT_PROJECT_VERSION = 1;
				DEVELOPMENT_TEAM = BG6H6LJBZK;
				GENERATE_INFOPLIST_FILE = NO;
				INFOPLIST_FILE = Omni/Info.plist;
				INFOPLIST_KEY_CFBundleDisplayName = Omni;
				INFOPLIST_KEY_LSApplicationCategoryType = "public.app-category.productivity";
				INFOPLIST_KEY_UIApplicationSceneManifest_Generation = YES;
				INFOPLIST_KEY_UIApplicationSupportsIndirectInputEvents = YES;
				INFOPLIST_KEY_UILaunchScreen_Generation = YES;
				INFOPLIST_KEY_UISupportedInterfaceOrientations_iPhone = UIInterfaceOrientationPortrait;
				IPHONEOS_DEPLOYMENT_TARGET = 16.0;
				LD_RUNPATH_SEARCH_PATHS = (
					"$(inherited)",
					"@executable_path/Frameworks",
				);
				MARKETING_VERSION = 1.0;
				PRODUCT_BUNDLE_IDENTIFIER = com.wics.omni;
				PRODUCT_NAME = "$(TARGET_NAME)";
				SWIFT_EMIT_LOC_STRINGS = YES;
				SWIFT_VERSION = 5.0;
				TARGETED_DEVICE_FAMILY = 1;
			};
			name = Debug;
		};
		A10010110000000000000001 /* Release */ = {
			isa = XCBuildConfiguration;
			buildSettings = {
				ASSETCATALOG_COMPILER_APPICON_NAME = AppIcon;
				ASSETCATALOG_COMPILER_INCLUDE_ALL_APPICON_ASSETS = NO;
				CURRENT_PROJECT_VERSION = 1;
				DEVELOPMENT_TEAM = BG6H6LJBZK;
				GENERATE_INFOPLIST_FILE = NO;
				INFOPLIST_FILE = Omni/Info.plist;
				INFOPLIST_KEY_CFBundleDisplayName = Omni;
				INFOPLIST_KEY_LSApplicationCategoryType = "public.app-category.productivity";
				IPHONEOS_DEPLOYMENT_TARGET = 16.0;
				LD_RUNPATH_SEARCH_PATHS = (
					"$(inherited)",
					"@executable_path/Frameworks",
				);
				MARKETING_VERSION = 1.0;
				PRODUCT_BUNDLE_IDENTIFIER = com.wics.omni;
				PRODUCT_NAME = "$(TARGET_NAME)";
				SWIFT_EMIT_LOC_STRINGS = YES;
				SWIFT_VERSION = 5.0;
				TARGETED_DEVICE_FAMILY = 1;
			};
			name = Release;
		};
		A10010200000000000000001 /* Debug */ = {
			isa = XCBuildConfiguration;
			buildSettings = {
				APPLICATION_EXTENSION_API_ONLY = YES;
				CODE_SIGN_ENTITLEMENTS = OmniDeviceActivityMonitor/OmniDeviceActivityMonitor.entitlements;
				CURRENT_PROJECT_VERSION = 1;
				DEVELOPMENT_TEAM = BG6H6LJBZK;
				GENERATE_INFOPLIST_FILE = NO;
				INFOPLIST_FILE = OmniDeviceActivityMonitor/Info.plist;
				IPHONEOS_DEPLOYMENT_TARGET = 16.0;
				LD_RUNPATH_SEARCH_PATHS = (
					"$(inherited)",
					"@executable_path/Frameworks",
					"@executable_path/../../Frameworks",
				);
				MARKETING_VERSION = 1.0;
				PRODUCT_BUNDLE_IDENTIFIER = com.wics.omni.monitor;
				PRODUCT_NAME = "$(TARGET_NAME)";
				SKIP_INSTALL = YES;
				SWIFT_VERSION = 5.0;
				TARGETED_DEVICE_FAMILY = 1;
			};
			name = Debug;
		};
		A10010210000000000000001 /* Release */ = {
			isa = XCBuildConfiguration;
			buildSettings = {
				APPLICATION_EXTENSION_API_ONLY = YES;
				CODE_SIGN_ENTITLEMENTS = OmniDeviceActivityMonitor/OmniDeviceActivityMonitor.entitlements;
				CURRENT_PROJECT_VERSION = 1;
				DEVELOPMENT_TEAM = BG6H6LJBZK;
				GENERATE_INFOPLIST_FILE = NO;
				INFOPLIST_FILE = OmniDeviceActivityMonitor/Info.plist;
				IPHONEOS_DEPLOYMENT_TARGET = 16.0;
				LD_RUNPATH_SEARCH_PATHS = (
					"$(inherited)",
					"@executable_path/Frameworks",
					"@executable_path/../../Frameworks",
				);
				MARKETING_VERSION = 1.0;
				PRODUCT_BUNDLE_IDENTIFIER = com.wics.omni.monitor;
				PRODUCT_NAME = "$(TARGET_NAME)";
				SKIP_INSTALL = YES;
				SWIFT_VERSION = 5.0;
				TARGETED_DEVICE_FAMILY = 1;
			};
			name = Release;
		};
/* End XCBuildConfiguration section */

/* Begin XCConfigurationList section */
		A10008000000000000000001 /* Build configuration list for PBXNativeTarget "Omni" */ = {
			isa = XCConfigurationList;
			buildConfigurations = (
				A10010100000000000000001 /* Debug */,
				A10010110000000000000001 /* Release */,
			);
			defaultConfigurationIsVisible = 0;
			defaultConfigurationName = Release;
		};
		A10008010000000000000001 /* Build configuration list for PBXNativeTarget "OmniDeviceActivityMonitor" */ = {
			isa = XCConfigurationList;
			buildConfigurations = (
				A10010200000000000000001 /* Debug */,
				A10010210000000000000001 /* Release */,
			);
			defaultConfigurationIsVisible = 0;
			defaultConfigurationName = Release;
		};
		A10008100000000000000001 /* Build configuration list for PBXProject "Omni" */ = {
			isa = XCConfigurationList;
			buildConfigurations = (
				A10010000000000000000001 /* Debug */,
				A10010010000000000000001 /* Release */,
			);
			defaultConfigurationIsVisible = 0;
			defaultConfigurationName = Release;
		};
/* End XCConfigurationList section */
	};
	rootObject = A10002000000000000000001 /* Project object */;
}
