// !$*UTF8*$!
{
	archiveVersion = 1;
	classes = {
	};
	objectVersion = 60;
	objects = {

/* Begin PBXBuildFile section */
		A10000010000000000000001 /* OmniApp.swift in Sources */ = {isa = PBXBuildFile; fileRef = A10000110000000000000001 /* OmniApp.swift */; };
		A10000020000000000000001 /* OmniDeviceActivityMonitor.swift in Sources */ = {isa = PBXBuildFile; fileRef = A10000120000000000000001 /* OmniDeviceActivityMonitor.swift */; };
		A10000030000000000000001 /* OmniDeviceActivityMonitor.appex in Embed App Extensions */ = {isa = PBXBuildFile; fileRef = A10000220000000000000001 /* OmniDeviceActivityMonitor.appex */; settings = {ATTRIBUTES = (RemoveHeadersOnCopy, ); }; };
/* End PBXBuildFile section */

/* Begin PBXContainerItemProxy section */
		A10001000000000000000001 /* PBXContainerItemProxy */ = {
			isa = PBXContainerItemProxy;
			containerPortal = A10002000000000000000001 /* Project object */;
			proxyType = 1;
			remoteGlobalIDString = A10003010000000000000001;
			remoteInfo = OmniDeviceActivityMonitor;
		};
/* End PBXContainerItemProxy section */

/* Begin PBXCopyFilesBuildPhase section */
		A10004000000000000000001 /* Embed App Extensions */ = {
			isa = PBXCopyFilesBuildPhase;
			buildActionMask = 2147483647;
			dstPath = "";
			dstSubfolderSpec = 13;
			files = (
				A10000030000000000000001 /* OmniDeviceActivityMonitor.appex in Embed App Extensions */,
			);
			name = "Embed App Extensions";
			runOnlyForDeploymentPostprocessing = 0;
		};
/* End PBXCopyFilesBuildPhase section */

/* Begin PBXFileReference section */
		A10000110000000000000001 /* OmniApp.swift */ = {isa = PBXFileReference; lastKnownFileType = sourcecode.swift; path = OmniApp.swift; sourceTree = "<group>"; };
		A10000120000000000000001 /* OmniDeviceActivityMonitor.swift */ = {isa = PBXFileReference; lastKnownFileType = sourcecode.swift; path = OmniDeviceActivityMonitor.swift; sourceTree = "<group>"; };
		A10000130000000000000001 /* Info.plist */ = {isa = PBXFileReference; lastKnownFileType = text.plist.xml; path = Info.plist; sourceTree = "<group>"; };
		A10000140000000000000001 /* Info.plist */ = {isa = PBXFileReference; lastKnownFileType = text.plist.xml; path = Info.plist; sourceTree = "<group>"; };
		A10000150000000000000001 /* Omni.entitlements */ = {isa = PBXFileReference; lastKnownFileType = text.plist.entitlements; path = Omni.entitlements; sourceTree = "<group>"; };
		A10000160000000000000001 /* OmniDeviceActivityMonitor.entitlements */ = {isa = PBXFileReference; lastKnownFileType = text.plist.entitlements; path = OmniDeviceActivityMonitor.entitlements; sourceTree = "<group>"; };
		A10000170000000000000001 /* Secrets.example.plist */ = {isa = PBXFileReference; lastKnownFileType = text.plist.xml; path = Secrets.example.plist; sourceTree = "<group>"; };
		A10000210000000000000001 /* Omni.app */ = {isa = PBXFileReference; explicitFileType = wrapper.application; includeInIndex = 0; path = Omni.app; sourceTree = BUILT_PRODUCTS_DIR; };
		A10000220000000000000001 /* OmniDeviceActivityMonitor.appex */ = {isa = PBXFileReference; explicitFileType = "wrapper.app-extension"; includeInIndex = 0; path = OmniDeviceActivityMonitor.appex; sourceTree = BUILT_PRODUCTS_DIR; };
/* End PBXFileReference section */

/* Begin PBXFrameworksBuildPhase section */
		A10005000000000000000001 /* Frameworks */ = {
			isa = PBXFrameworksBuildPhase;
			buildActionMask = 2147483647;
			files = (
			);
			runOnlyForDeploymentPostprocessing = 0;
		};
		A10005010000000000000001 /* Frameworks */ = {
			isa = PBXFrameworksBuildPhase;
			buildActionMask = 2147483647;
			files = (
			);
			runOnlyForDeploymentPostprocessing = 0;
		};
/* End PBXFrameworksBuildPhase section */

/* Begin PBXGroup section */
		A10006000000000000000001 = {
			isa = PBXGroup;
			children = (
				A10006010000000000000001 /* Omni */,
				A10006020000000000000001 /* OmniDeviceActivityMonitor */,
				A10006030000000000000001 /* Products */,
			);
			sourceTree = "<group>";
		};
		A10006010000000000000001 /* Omni */ = {
			isa = PBXGroup;
			children = (
				A10006040000000000000001 /* App */,
				A10006050000000000000001 /* Config */,
				A10000130000000000000001 /* Info.plist */,
				A10000150000000000000001 /* Omni.entitlements */,
			);
			path = Omni;
			sourceTree = "<group>";
		};
		A10006020000000000000001 /* OmniDeviceActivityMonitor */ = {
			isa = PBXGroup;
			children = (
				A10000120000000000000001 /* OmniDeviceActivityMonitor.swift */,
				A10000140000000000000001 /* Info.plist */,
				A10000160000000000000001 /* OmniDeviceActivityMonitor.entitlements */,
			);
			path = OmniDeviceActivityMonitor;
			sourceTree = "<group>";
		};
		A10006030000000000000001 /* Products */ = {
			isa = PBXGroup;
			children = (
				A10000210000000000000001 /* Omni.app */,
				A10000220000000000000001 /* OmniDeviceActivityMonitor.appex */,
			);
			name = Products;
			sourceTree = "<group>";
		};
		A10006040000000000000001 /* App */ = {
			isa = PBXGroup;
			children = (
				A10000110000000000000001 /* OmniApp.swift */,
			);
			path = App;
			sourceTree = "<group>";
		};
		A10006050000000000000001 /* Config */ = {
			isa = PBXGroup;
			children = (
				A10000170000000000000001 /* Secrets.example.plist */,
			);
			path = Config;
			sourceTree = "<group>";
		};
/* End PBXGroup section */

/* Begin PBXNativeTarget section */
		A10003000000000000000001 /* Omni */ = {
			isa = PBXNativeTarget;
			buildConfigurationList = A10008000000000000000001 /* Build configuration list for PBXNativeTarget "Omni" */;
			buildPhases = (
				A10007000000000000000001 /* Sources */,
				A10005000000000000000001 /* Frameworks */,
				A10007010000000000000001 /* Resources */,
				A10004000000000000000001 /* Embed App Extensions */,
			);
			buildRules = (
			);
			dependencies = (
				A10009000000000000000001 /* PBXTargetDependency */,
			);
			name = Omni;
			productName = Omni;
			productReference = A10000210000000000000001 /* Omni.app */;
			productType = "com.apple.product-type.application";
		};
		A10003010000000000000001 /* OmniDeviceActivityMonitor */ = {
			isa = PBXNativeTarget;
			buildConfigurationList = A10008010000000000000001 /* Build configuration list for PBXNativeTarget "OmniDeviceActivityMonitor" */;
			buildPhases = (
				A10007020000000000000001 /* Sources */,
				A10005010000000000000001 /* Frameworks */,
				A10007030000000000000001 /* Resources */,
			);
			buildRules = (
			);
			dependencies = (
			);
			name = OmniDeviceActivityMonitor;
			productName = OmniDeviceActivityMonitor;
			productReference = A10000220000000000000001 /* OmniDeviceActivityMonitor.appex */;
			productType = "com.apple.product-type.app-extension";
		};
/* End PBXNativeTarget section */

/* Begin PBXProject section */
		A10002000000000000000001 /* Project object */ = {
			isa = PBXProject;
			attributes = {
				BuildIndependentTargetsInParallel = 1;
				LastSwiftUpdateCheck = 1600;
				LastUpgradeCheck = 1600;
				TargetAttributes = {
					A10003000000000000000001 = {
						CreatedOnToolsVersion = 16.0;
					};
					A10003010000000000000001 = {
						CreatedOnToolsVersion = 16.0;
					};
				};
			};
			buildConfigurationList = A10008100000000000000001 /* Build configuration list for PBXProject "Omni" */;
			compatibilityVersion = "Xcode 15.0";
			developmentRegion = en;
			hasScannedForEncodings = 0;
			knownRegions = (
				en,
				Base,
			);
			mainGroup = A10006000000000000000001;
			productRefGroup = A10006030000000000000001 /* Products */;
			projectDirPath = "";
			projectRoot = "";
			targets = (
				A10003000000000000000001 /* Omni */,
				A10003010000000000000001 /* OmniDeviceActivityMonitor */,
			);
		};
/* End PBXProject section */

/* Begin PBXResourcesBuildPhase section */
		A10007010000000000000001 /* Resources */ = {
			isa = PBXResourcesBuildPhase;
			buildActionMask = 2147483647;
			files = (
			);
			runOnlyForDeploymentPostprocessing = 0;
		};
		A10007030000000000000001 /* Resources */ = {
			isa = PBXResourcesBuildPhase;
			buildActionMask = 2147483647;
			files = (
			);
			runOnlyForDeploymentPostprocessing = 0;
		};
/* End PBXResourcesBuildPhase section */

/* Begin PBXSourcesBuildPhase section */
		A10007000000000000000001 /* Sources */ = {
			isa = PBXSourcesBuildPhase;
			buildActionMask = 2147483647;
			files = (
				A10000010000000000000001 /* OmniApp.swift in Sources */,
			);
			runOnlyForDeploymentPostprocessing = 0;
		};
		A10007020000000000000001 /* Sources */ = {
			isa = PBXSourcesBuildPhase;
			buildActionMask = 2147483647;
			files = (
				A10000020000000000000001 /* OmniDeviceActivityMonitor.swift in Sources */,
			);
			runOnlyForDeploymentPostprocessing = 0;
		};
/* End PBXSourcesBuildPhase section */

/* Begin PBXTargetDependency section */
		A10009000000000000000001 /* PBXTargetDependency */ = {
			isa = PBXTargetDependency;
			target = A10003010000000000000001 /* OmniDeviceActivityMonitor */;
			targetProxy = A10001000000000000000001 /* PBXContainerItemProxy */;
		};
/* End PBXTargetDependency section */

/* Begin XCBuildConfiguration section */
		A10010000000000000000001 /* Debug */ = {
			isa = XCBuildConfiguration;
			buildSettings = {
				ALWAYS_SEARCH_USER_PATHS = NO;
				CLANG_ENABLE_MODULES = YES;
				CLANG_ENABLE_OBJC_ARC = YES;
				CLANG_WARN_DOCUMENTATION_COMMENTS = YES;
				GCC_NO_COMMON_BLOCKS = YES;
				GCC_OPTIMIZATION_LEVEL = 0;
				IPHONEOS_DEPLOYMENT_TARGET = 16.0;
				ONLY_ACTIVE_ARCH = YES;
				SDKROOT = iphoneos;
				SWIFT_ACTIVE_COMPILATION_CONDITIONS = DEBUG;
				SWIFT_VERSION = 5.0;
			};
			name = Debug;
		};
		A10010010000000000000001 /* Release */ = {
			isa = XCBuildConfiguration;
			buildSettings = {
				ALWAYS_SEARCH_USER_PATHS = NO;
				CLANG_ENABLE_MODULES = YES;
				CLANG_ENABLE_OBJC_ARC = YES;
				CLANG_WARN_DOCUMENTATION_COMMENTS = YES;
				GCC_NO_COMMON_BLOCKS = YES;
				IPHONEOS_DEPLOYMENT_TARGET = 16.0;
				SDKROOT = iphoneos;
				SWIFT_VERSION = 5.0;
			};
			name = Release;
		};
		A10010100000000000000001 /* Debug */ = {
			isa = XCBuildConfiguration;
			buildSettings = {
				CODE_SIGN_ENTITLEMENTS = Omni/Omni.entitlements;
				CURRENT_PROJECT_VERSION = 1;
				DEVELOPMENT_TEAM = BG6H6LJBZK;
				GENERATE_INFOPLIST_FILE = NO;
				INFOPLIST_FILE = Omni/Info.plist;
				INFOPLIST_KEY_CFBundleDisplayName = Omni;
				INFOPLIST_KEY_LSApplicationCategoryType = "public.app-category.productivity";
				INFOPLIST_KEY_UIApplicationSceneManifest_Generation = YES;
				INFOPLIST_KEY_UIApplicationSupportsIndirectInputEvents = YES;
				INFOPLIST_KEY_UILaunchScreen_Generation = YES;
				INFOPLIST_KEY_UISupportedInterfaceOrientations_iPhone = UIInterfaceOrientationPortrait;
				IPHONEOS_DEPLOYMENT_TARGET = 16.0;
				LD_RUNPATH_SEARCH_PATHS = (
					"$(inherited)",
					"@executable_path/Frameworks",
				);
				MARKETING_VERSION = 1.0;
				PRODUCT_BUNDLE_IDENTIFIER = com.wics.omni;
				PRODUCT_NAME = "$(TARGET_NAME)";
				SWIFT_EMIT_LOC_STRINGS = YES;
				SWIFT_VERSION = 5.0;
				TARGETED_DEVICE_FAMILY = 1;
			};
			name = Debug;
		};
		A10010110000000000000001 /* Release */ = {
			isa = XCBuildConfiguration;
			buildSettings = {
				CODE_SIGN_ENTITLEMENTS = Omni/Omni.entitlements;
				CURRENT_PROJECT_VERSION = 1;
				DEVELOPMENT_TEAM = BG6H6LJBZK;
				GENERATE_INFOPLIST_FILE = NO;
				INFOPLIST_FILE = Omni/Info.plist;
				INFOPLIST_KEY_CFBundleDisplayName = Omni;
				INFOPLIST_KEY_LSApplicationCategoryType = "public.app-category.productivity";
				IPHONEOS_DEPLOYMENT_TARGET = 16.0;
				LD_RUNPATH_SEARCH_PATHS = (
					"$(inherited)",
					"@executable_path/Frameworks",
				);
				MARKETING_VERSION = 1.0;
				PRODUCT_BUNDLE_IDENTIFIER = com.wics.omni;
				PRODUCT_NAME = "$(TARGET_NAME)";
				SWIFT_EMIT_LOC_STRINGS = YES;
				SWIFT_VERSION = 5.0;
				TARGETED_DEVICE_FAMILY = 1;
			};
			name = Release;
		};
		A10010200000000000000001 /* Debug */ = {
			isa = XCBuildConfiguration;
			buildSettings = {
				APPLICATION_EXTENSION_API_ONLY = YES;
				CODE_SIGN_ENTITLEMENTS = OmniDeviceActivityMonitor/OmniDeviceActivityMonitor.entitlements;
				CURRENT_PROJECT_VERSION = 1;
				DEVELOPMENT_TEAM = "";
				GENERATE_INFOPLIST_FILE = NO;
				INFOPLIST_FILE = OmniDeviceActivityMonitor/Info.plist;
				IPHONEOS_DEPLOYMENT_TARGET = 16.0;
				LD_RUNPATH_SEARCH_PATHS = (
					"$(inherited)",
					"@executable_path/Frameworks",
					"@executable_path/../../Frameworks",
				);
				MARKETING_VERSION = 1.0;
				PRODUCT_BUNDLE_IDENTIFIER = com.example.omni.monitor;
				PRODUCT_NAME = "$(TARGET_NAME)";
				SKIP_INSTALL = YES;
				SWIFT_VERSION = 5.0;
				TARGETED_DEVICE_FAMILY = 1;
			};
			name = Debug;
		};
		A10010210000000000000001 /* Release */ = {
			isa = XCBuildConfiguration;
			buildSettings = {
				APPLICATION_EXTENSION_API_ONLY = YES;
				CODE_SIGN_ENTITLEMENTS = OmniDeviceActivityMonitor/OmniDeviceActivityMonitor.entitlements;
				CURRENT_PROJECT_VERSION = 1;
				DEVELOPMENT_TEAM = "";
				GENERATE_INFOPLIST_FILE = NO;
				INFOPLIST_FILE = OmniDeviceActivityMonitor/Info.plist;
				IPHONEOS_DEPLOYMENT_TARGET = 16.0;
				LD_RUNPATH_SEARCH_PATHS = (
					"$(inherited)",
					"@executable_path/Frameworks",
					"@executable_path/../../Frameworks",
				);
				MARKETING_VERSION = 1.0;
				PRODUCT_BUNDLE_IDENTIFIER = com.example.omni.monitor;
				PRODUCT_NAME = "$(TARGET_NAME)";
				SKIP_INSTALL = YES;
				SWIFT_VERSION = 5.0;
				TARGETED_DEVICE_FAMILY = 1;
			};
			name = Release;
		};
/* End XCBuildConfiguration section */

/* Begin XCConfigurationList section */
		A10008000000000000000001 /* Build configuration list for PBXNativeTarget "Omni" */ = {
			isa = XCConfigurationList;
			buildConfigurations = (
				A10010100000000000000001 /* Debug */,
				A10010110000000000000001 /* Release */,
			);
			defaultConfigurationIsVisible = 0;
			defaultConfigurationName = Release;
		};
		A10008010000000000000001 /* Build configuration list for PBXNativeTarget "OmniDeviceActivityMonitor" */ = {
			isa = XCConfigurationList;
			buildConfigurations = (
				A10010200000000000000001 /* Debug */,
				A10010210000000000000001 /* Release */,
			);
			defaultConfigurationIsVisible = 0;
			defaultConfigurationName = Release;
		};
		A10008100000000000000001 /* Build configuration list for PBXProject "Omni" */ = {
			isa = XCConfigurationList;
			buildConfigurations = (
				A10010000000000000000001 /* Debug */,
				A10010010000000000000001 /* Release */,
			);
			defaultConfigurationIsVisible = 0;
			defaultConfigurationName = Release;
		};
/* End XCConfigurationList section */
	};
	rootObject = A10002000000000000000001 /* Project object */;
}
